
Microsoft Visual Studio Solution File, Format Version 12.00
# Visual Studio Version 16
VisualStudioVersion = 16.0.809.4
MinimumVisualStudioVersion = 10.0.40219.1
Project("{FAE04EC0-301F-11D3-BF4B-00C04F79EFBC}") = "ReloadfyForms.Android", "ReloadfyForms.Android\ReloadfyForms.Android.csproj", "{B06E7788-4331-461B-91B1-DC3728CFE518}"
EndProject
Project("{FAE04EC0-301F-11D3-BF4B-00C04F79EFBC}") = "ReloadfyForms.iOS", "ReloadfyForms.iOS\ReloadfyForms.iOS.csproj", "{31B360ED-6215-49DB-92BA-34E2D6160C4B}"
EndProject
Project("{9A19103F-16F7-4668-BE54-9A1E7A4F7556}") = "ReloadfyForms", "ReloadfyForms\ReloadfyForms.csproj", "{4AFCF446-603A-4B36-95C8-FA7FE5DDB468}"
EndProject
Project("{9A19103F-16F7-4668-BE54-9A1E7A4F7556}") = "Reloadify.Forms", "Reloadify.Forms\Reloadify.Forms.csproj", "{7FBF0024-3DA6-4725-94E6-8820D5D7BB29}"
EndProject
Project("{FAE04EC0-301F-11D3-BF4B-00C04F79EFBC}") = "Reloadify.Analyzers", "Reloadidy.Analyzers\Reloadify.Analyzers.csproj", "{D9B8335A-3B24-4124-A54D-66FA65085BB8}"
EndProject
Global
	GlobalSection(SolutionConfigurationPlatforms) = preSolution
		Debug|Any CPU = Debug|Any CPU
		Debug|iPhone = Debug|iPhone
		Debug|iPhoneSimulator = Debug|iPhoneSimulator
		Release|Any CPU = Release|Any CPU
		Release|iPhone = Release|iPhone
		Release|iPhoneSimulator = Release|iPhoneSimulator
	EndGlobalSection
	GlobalSection(ProjectConfigurationPlatforms) = postSolution
		{B06E7788-4331-461B-91B1-DC3728CFE518}.Debug|Any CPU.ActiveCfg = Debug|Any CPU
		{B06E7788-4331-461B-91B1-DC3728CFE518}.Debug|Any CPU.Build.0 = Debug|Any CPU
		{B06E7788-4331-461B-91B1-DC3728CFE518}.Debug|Any CPU.Deploy.0 = Debug|Any CPU
		{B06E7788-4331-461B-91B1-DC3728CFE518}.Debug|iPhone.ActiveCfg = Debug|Any CPU
		{B06E7788-4331-461B-91B1-DC3728CFE518}.Debug|iPhone.Build.0 = Debug|Any CPU
		{B06E7788-4331-461B-91B1-DC3728CFE518}.Debug|iPhoneSimulator.ActiveCfg = Debug|Any CPU
		{B06E7788-4331-461B-91B1-DC3728CFE518}.Debug|iPhoneSimulator.Build.0 = Debug|Any CPU
		{B06E7788-4331-461B-91B1-DC3728CFE518}.Release|Any CPU.ActiveCfg = Release|Any CPU
		{B06E7788-4331-461B-91B1-DC3728CFE518}.Release|Any CPU.Build.0 = Release|Any CPU
		{B06E7788-4331-461B-91B1-DC3728CFE518}.Release|iPhone.ActiveCfg = Release|Any CPU
		{B06E7788-4331-461B-91B1-DC3728CFE518}.Release|iPhone.Build.0 = Release|Any CPU
		{B06E7788-4331-461B-91B1-DC3728CFE518}.Release|iPhoneSimulator.ActiveCfg = Release|Any CPU
		{B06E7788-4331-461B-91B1-DC3728CFE518}.Release|iPhoneSimulator.Build.0 = Release|Any CPU
		{31B360ED-6215-49DB-92BA-34E2D6160C4B}.Debug|Any CPU.ActiveCfg = Debug|iPhoneSimulator
		{31B360ED-6215-49DB-92BA-34E2D6160C4B}.Debug|Any CPU.Build.0 = Debug|iPhoneSimulator
		{31B360ED-6215-49DB-92BA-34E2D6160C4B}.Debug|iPhone.ActiveCfg = Debug|iPhone
		{31B360ED-6215-49DB-92BA-34E2D6160C4B}.Debug|iPhone.Build.0 = Debug|iPhone
		{31B360ED-6215-49DB-92BA-34E2D6160C4B}.Debug|iPhoneSimulator.ActiveCfg = Debug|iPhoneSimulator
		{31B360ED-6215-49DB-92BA-34E2D6160C4B}.Debug|iPhoneSimulator.Build.0 = Debug|iPhoneSimulator
		{31B360ED-6215-49DB-92BA-34E2D6160C4B}.Release|Any CPU.ActiveCfg = Release|iPhoneSimulator
		{31B360ED-6215-49DB-92BA-34E2D6160C4B}.Release|Any CPU.Build.0 = Release|iPhoneSimulator
		{31B360ED-6215-49DB-92BA-34E2D6160C4B}.Release|iPhone.ActiveCfg = Release|iPhone
		{31B360ED-6215-49DB-92BA-34E2D6160C4B}.Release|iPhone.Build.0 = Release|iPhone
		{31B360ED-6215-49DB-92BA-34E2D6160C4B}.Release|iPhoneSimulator.ActiveCfg = Release|iPhoneSimulator
		{31B360ED-6215-49DB-92BA-34E2D6160C4B}.Release|iPhoneSimulator.Build.0 = Release|iPhoneSimulator
		{4AFCF446-603A-4B36-95C8-FA7FE5DDB468}.Debug|Any CPU.ActiveCfg = Debug|Any CPU
		{4AFCF446-603A-4B36-95C8-FA7FE5DDB468}.Debug|Any CPU.Build.0 = Debug|Any CPU
		{4AFCF446-603A-4B36-95C8-FA7FE5DDB468}.Debug|iPhone.ActiveCfg = Debug|Any CPU
		{4AFCF446-603A-4B36-95C8-FA7FE5DDB468}.Debug|iPhone.Build.0 = Debug|Any CPU
		{4AFCF446-603A-4B36-95C8-FA7FE5DDB468}.Debug|iPhoneSimulator.ActiveCfg = Debug|Any CPU
		{4AFCF446-603A-4B36-95C8-FA7FE5DDB468}.Debug|iPhoneSimulator.Build.0 = Debug|Any CPU
		{4AFCF446-603A-4B36-95C8-FA7FE5DDB468}.Release|Any CPU.ActiveCfg = Release|Any CPU
		{4AFCF446-603A-4B36-95C8-FA7FE5DDB468}.Release|Any CPU.Build.0 = Release|Any CPU
		{4AFCF446-603A-4B36-95C8-FA7FE5DDB468}.Release|iPhone.ActiveCfg = Release|Any CPU
		{4AFCF446-603A-4B36-95C8-FA7FE5DDB468}.Release|iPhone.Build.0 = Release|Any CPU
		{4AFCF446-603A-4B36-95C8-FA7FE5DDB468}.Release|iPhoneSimulator.ActiveCfg = Release|Any CPU
		{4AFCF446-603A-4B36-95C8-FA7FE5DDB468}.Release|iPhoneSimulator.Build.0 = Release|Any CPU
		{7FBF0024-3DA6-4725-94E6-8820D5D7BB29}.Debug|Any CPU.ActiveCfg = Debug|Any CPU
		{7FBF0024-3DA6-4725-94E6-8820D5D7BB29}.Debug|Any CPU.Build.0 = Debug|Any CPU
		{7FBF0024-3DA6-4725-94E6-8820D5D7BB29}.Debug|iPhone.ActiveCfg = Debug|Any CPU
		{7FBF0024-3DA6-4725-94E6-8820D5D7BB29}.Debug|iPhone.Build.0 = Debug|Any CPU
		{7FBF0024-3DA6-4725-94E6-8820D5D7BB29}.Debug|iPhoneSimulator.ActiveCfg = Debug|Any CPU
		{7FBF0024-3DA6-4725-94E6-8820D5D7BB29}.Debug|iPhoneSimulator.Build.0 = Debug|Any CPU
		{7FBF0024-3DA6-4725-94E6-8820D5D7BB29}.Release|Any CPU.ActiveCfg = Release|Any CPU
		{7FBF0024-3DA6-4725-94E6-8820D5D7BB29}.Release|Any CPU.Build.0 = Release|Any CPU
		{7FBF0024-3DA6-4725-94E6-8820D5D7BB29}.Release|iPhone.ActiveCfg = Release|Any CPU
		{7FBF0024-3DA6-4725-94E6-8820D5D7BB29}.Release|iPhone.Build.0 = Release|Any CPU
		{7FBF0024-3DA6-4725-94E6-8820D5D7BB29}.Release|iPhoneSimulator.ActiveCfg = Release|Any CPU
		{7FBF0024-3DA6-4725-94E6-8820D5D7BB29}.Release|iPhoneSimulator.Build.0 = Release|Any CPU
		{D9B8335A-3B24-4124-A54D-66FA65085BB8}.Debug|Any CPU.ActiveCfg = Debug|Any CPU
		{D9B8335A-3B24-4124-A54D-66FA65085BB8}.Debug|Any CPU.Build.0 = Debug|Any CPU
		{D9B8335A-3B24-4124-A54D-66FA65085BB8}.Debug|iPhone.ActiveCfg = Debug|Any CPU
		{D9B8335A-3B24-4124-A54D-66FA65085BB8}.Debug|iPhone.Build.0 = Debug|Any CPU
		{D9B8335A-3B24-4124-A54D-66FA65085BB8}.Debug|iPhoneSimulator.ActiveCfg = Debug|Any CPU
		{D9B8335A-3B24-4124-A54D-66FA65085BB8}.Debug|iPhoneSimulator.Build.0 = Debug|Any CPU
		{D9B8335A-3B24-4124-A54D-66FA65085BB8}.Release|Any CPU.ActiveCfg = Release|Any CPU
		{D9B8335A-3B24-4124-A54D-66FA65085BB8}.Release|Any CPU.Build.0 = Release|Any CPU
		{D9B8335A-3B24-4124-A54D-66FA65085BB8}.Release|iPhone.ActiveCfg = Release|Any CPU
		{D9B8335A-3B24-4124-A54D-66FA65085BB8}.Release|iPhone.Build.0 = Release|Any CPU
		{D9B8335A-3B24-4124-A54D-66FA65085BB8}.Release|iPhoneSimulator.ActiveCfg = Release|Any CPU
		{D9B8335A-3B24-4124-A54D-66FA65085BB8}.Release|iPhoneSimulator.Build.0 = Release|Any CPU
	EndGlobalSection
	GlobalSection(SolutionProperties) = preSolution
		HideSolutionNode = FALSE
	EndGlobalSection
	GlobalSection(ExtensibilityGlobals) = postSolution
		SolutionGuid = {07145C6A-B71A-4AE7-990C-7EE4930239C5}
	EndGlobalSection
EndGlobal
